# THIS IS AN AUTOGENERATED FILE. DO NOT EDIT THIS FILE DIRECTLY.
# yarn lockfile v1


"@moefe/vue-aplayer@^2.0.0-beta.5":
  version "2.0.0-beta.5"
  resolved "https://registry.yarnpkg.com/@moefe/vue-aplayer/-/vue-aplayer-2.0.0-beta.5.tgz#f6bbd1802562e8e30ef9106192008a90bed2a354"
  integrity sha512-ytzp4GStzjftuh7H1rIS/ziqwV1FO67iTLSkDxgN0J2bqlO+rBgDDr83Y+pZKBIgRUc30uu/UZHqmE4QiBHHeg==
  dependencies:
    vue "^2.5.17"

vue@^2.5.17:
  version "2.6.11"
  resolved "https://registry.yarnpkg.com/vue/-/vue-2.6.11.tgz#76594d877d4b12234406e84e35275c6d514125c5"
  integrity sha512-VfPwgcGABbGAue9+sfrD4PuwFar7gPb1yl1UK1MwXoQPAw0BKSqWfoYCT/ThFrdEVWoI51dBuyCoiNU9bZDZxQ==
